
Microsoft Visual Studio Solution File, Format Version 12.00
# Visual Studio Version 17
VisualStudioVersion = 17.13.35806.99 d17.13
MinimumVisualStudioVersion = 10.0.40219.1
Project("{FAE04EC0-301F-11D3-BF4B-00C04F79EFBC}") = "Nexus.Context", "Nexus.Context\Nexus.Context.csproj", "{E92B1BDF-3B49-482E-B4EA-80A89CB95FE0}"
EndProject
Project("{FAE04EC0-301F-11D3-BF4B-00C04F79EFBC}") = "Nexus.Repository", "Nexus.Repository\Nexus.Repository.csproj", "{DFDFE56A-61D2-41A9-809A-89E918AD6173}"
EndProject
Project("{FAE04EC0-301F-11D3-BF4B-00C04F79EFBC}") = "Nexus.Business", "Nexus.Business\Nexus.Business.csproj", "{D7F6AA5D-B208-46F9-AD03-D58DE37FFD07}"
EndProject
Project("{FAE04EC0-301F-11D3-BF4B-00C04F79EFBC}") = "Nexus.Business.Contract", "Nexus.Business.Contract\Nexus.Business.Contract.csproj", "{E5107BB6-B538-4092-907D-A05D69717866}"
EndProject
Project("{FAE04EC0-301F-11D3-BF4B-00C04F79EFBC}") = "Nexus.Repository.Contract", "Nexus.Repository.Contract\Nexus.Repository.Contract.csproj", "{C386A018-F2B3-4CC9-B6D0-77A3FDE2FADD}"
EndProject
Project("{FAE04EC0-301F-11D3-BF4B-00C04F79EFBC}") = "Nexus.Entity", "Nexus.Entity\Nexus.Entity.csproj", "{97155259-885C-4B0E-B34D-E3784B02D344}"
EndProject
Project("{FAE04EC0-301F-11D3-BF4B-00C04F79EFBC}") = "Nexus.Api", "Nexus.Api\Nexus.Api.csproj", "{09647393-C73D-4B45-8BE6-D6B8008B050A}"
EndProject
Global
	GlobalSection(SolutionConfigurationPlatforms) = preSolution
		Debug|Any CPU = Debug|Any CPU
		Release|Any CPU = Release|Any CPU
	EndGlobalSection
	GlobalSection(ProjectConfigurationPlatforms) = postSolution
		{E92B1BDF-3B49-482E-B4EA-80A89CB95FE0}.Debug|Any CPU.ActiveCfg = Debug|Any CPU
		{E92B1BDF-3B49-482E-B4EA-80A89CB95FE0}.Debug|Any CPU.Build.0 = Debug|Any CPU
		{E92B1BDF-3B49-482E-B4EA-80A89CB95FE0}.Release|Any CPU.ActiveCfg = Release|Any CPU
		{E92B1BDF-3B49-482E-B4EA-80A89CB95FE0}.Release|Any CPU.Build.0 = Release|Any CPU
		{DFDFE56A-61D2-41A9-809A-89E918AD6173}.Debug|Any CPU.ActiveCfg = Debug|Any CPU
		{DFDFE56A-61D2-41A9-809A-89E918AD6173}.Debug|Any CPU.Build.0 = Debug|Any CPU
		{DFDFE56A-61D2-41A9-809A-89E918AD6173}.Release|Any CPU.ActiveCfg = Release|Any CPU
		{DFDFE56A-61D2-41A9-809A-89E918AD6173}.Release|Any CPU.Build.0 = Release|Any CPU
		{D7F6AA5D-B208-46F9-AD03-D58DE37FFD07}.Debug|Any CPU.ActiveCfg = Debug|Any CPU
		{D7F6AA5D-B208-46F9-AD03-D58DE37FFD07}.Debug|Any CPU.Build.0 = Debug|Any CPU
		{D7F6AA5D-B208-46F9-AD03-D58DE37FFD07}.Release|Any CPU.ActiveCfg = Release|Any CPU
		{D7F6AA5D-B208-46F9-AD03-D58DE37FFD07}.Release|Any CPU.Build.0 = Release|Any CPU
		{E5107BB6-B538-4092-907D-A05D69717866}.Debug|Any CPU.ActiveCfg = Debug|Any CPU
		{E5107BB6-B538-4092-907D-A05D69717866}.Debug|Any CPU.Build.0 = Debug|Any CPU
		{E5107BB6-B538-4092-907D-A05D69717866}.Release|Any CPU.ActiveCfg = Release|Any CPU
		{E5107BB6-B538-4092-907D-A05D69717866}.Release|Any CPU.Build.0 = Release|Any CPU
		{C386A018-F2B3-4CC9-B6D0-77A3FDE2FADD}.Debug|Any CPU.ActiveCfg = Debug|Any CPU
		{C386A018-F2B3-4CC9-B6D0-77A3FDE2FADD}.Debug|Any CPU.Build.0 = Debug|Any CPU
		{C386A018-F2B3-4CC9-B6D0-77A3FDE2FADD}.Release|Any CPU.ActiveCfg = Release|Any CPU
		{C386A018-F2B3-4CC9-B6D0-77A3FDE2FADD}.Release|Any CPU.Build.0 = Release|Any CPU
		{97155259-885C-4B0E-B34D-E3784B02D344}.Debug|Any CPU.ActiveCfg = Debug|Any CPU
		{97155259-885C-4B0E-B34D-E3784B02D344}.Debug|Any CPU.Build.0 = Debug|Any CPU
		{97155259-885C-4B0E-B34D-E3784B02D344}.Release|Any CPU.ActiveCfg = Release|Any CPU
		{97155259-885C-4B0E-B34D-E3784B02D344}.Release|Any CPU.Build.0 = Release|Any CPU
		{09647393-C73D-4B45-8BE6-D6B8008B050A}.Debug|Any CPU.ActiveCfg = Debug|Any CPU
		{09647393-C73D-4B45-8BE6-D6B8008B050A}.Debug|Any CPU.Build.0 = Debug|Any CPU
		{09647393-C73D-4B45-8BE6-D6B8008B050A}.Release|Any CPU.ActiveCfg = Release|Any CPU
		{09647393-C73D-4B45-8BE6-D6B8008B050A}.Release|Any CPU.Build.0 = Release|Any CPU
	EndGlobalSection
	GlobalSection(SolutionProperties) = preSolution
		HideSolutionNode = FALSE
	EndGlobalSection
	GlobalSection(ExtensibilityGlobals) = postSolution
		SolutionGuid = {4718BB8E-B77D-4BB5-9266-8BE3B6B85789}
	EndGlobalSection
EndGlobal
